
Microsoft Visual Studio Solution File, Format Version 12.00
# Visual Studio Version 17
VisualStudioVersion = 17.14.36121.58
MinimumVisualStudioVersion = 10.0.40219.1
Project("{2150E333-8FDC-42A3-9474-1A3956D46DE8}") = "Services", "Services", "{02EA681E-C7D8-13C7-8484-4AC65E1B71E8}"
EndProject
Project("{2150E333-8FDC-42A3-9474-1A3956D46DE8}") = "Catalog", "Catalog", "{1DD0177D-2908-4472-8ACD-F94A1DFB913E}"
EndProject
Project("{FAE04EC0-301F-11D3-BF4B-00C04F79EFBC}") = "MultiShop.Catalog", "Services\Catalog\MultiShop.Catalog\MultiShop.Catalog.csproj", "{ACF26C05-B367-4D0A-80E0-487B4141DD29}"
EndProject
Project("{2150E333-8FDC-42A3-9474-1A3956D46DE8}") = "Discount", "Discount", "{21DB007A-3E06-4159-A725-C8C0F523C11B}"
EndProject
Project("{FAE04EC0-301F-11D3-BF4B-00C04F79EFBC}") = "MultiShop.Discount", "Services\Discount\MultiShop.Discount\MultiShop.Discount.csproj", "{6853AD33-3553-4D57-85A4-BD447D1E0A11}"
EndProject
Project("{2150E333-8FDC-42A3-9474-1A3956D46DE8}") = "Order", "Order", "{9BCCA626-275E-4B3D-85E6-C8A77CFD05CB}"
EndProject
Project("{2150E333-8FDC-42A3-9474-1A3956D46DE8}") = "Core", "Core", "{76EB985C-E206-4491-B724-E5EEB148F3A9}"
EndProject
Project("{2150E333-8FDC-42A3-9474-1A3956D46DE8}") = "Infrastructure", "Infrastructure", "{E0E39260-1C97-49E7-920B-847831374145}"
EndProject
Project("{2150E333-8FDC-42A3-9474-1A3956D46DE8}") = "Presentation", "Presentation", "{297F4335-90C8-422C-960E-74D21C19F0FE}"
EndProject
Project("{FAE04EC0-301F-11D3-BF4B-00C04F79EFBC}") = "MultiShop.Order.Domain", "Services\Order\Core\MultiShop.Order.Core.Domain\MultiShop.Order.Domain.csproj", "{99882139-F1DD-4FF0-AECD-A27123448776}"
EndProject
Project("{FAE04EC0-301F-11D3-BF4B-00C04F79EFBC}") = "MultiShop.Order.Application", "Services\Order\Core\MultiShop.Order.Application\MultiShop.Order.Application.csproj", "{BF9D882B-C49D-4374-BADA-14062A7E6011}"
EndProject
Project("{FAE04EC0-301F-11D3-BF4B-00C04F79EFBC}") = "MultiShop.Order.Persistence", "Services\Order\Infrastructure\MultiShop.Order.Persistence\MultiShop.Order.Persistence.csproj", "{F1597D83-6AC9-45EE-B27E-87AF40350E9A}"
EndProject
Project("{FAE04EC0-301F-11D3-BF4B-00C04F79EFBC}") = "MultiShop.Order.WebApi", "Services\Order\Presentation\MultiShop.Order.WebApi\MultiShop.Order.WebApi.csproj", "{CA5BE0E2-0DBD-4C93-A072-2495FA7C8BAF}"
EndProject
Global
	GlobalSection(SolutionConfigurationPlatforms) = preSolution
		Debug|Any CPU = Debug|Any CPU
		Release|Any CPU = Release|Any CPU
	EndGlobalSection
	GlobalSection(ProjectConfigurationPlatforms) = postSolution
		{ACF26C05-B367-4D0A-80E0-487B4141DD29}.Debug|Any CPU.ActiveCfg = Debug|Any CPU
		{ACF26C05-B367-4D0A-80E0-487B4141DD29}.Debug|Any CPU.Build.0 = Debug|Any CPU
		{ACF26C05-B367-4D0A-80E0-487B4141DD29}.Release|Any CPU.ActiveCfg = Release|Any CPU
		{ACF26C05-B367-4D0A-80E0-487B4141DD29}.Release|Any CPU.Build.0 = Release|Any CPU
		{6853AD33-3553-4D57-85A4-BD447D1E0A11}.Debug|Any CPU.ActiveCfg = Debug|Any CPU
		{6853AD33-3553-4D57-85A4-BD447D1E0A11}.Debug|Any CPU.Build.0 = Debug|Any CPU
		{6853AD33-3553-4D57-85A4-BD447D1E0A11}.Release|Any CPU.ActiveCfg = Release|Any CPU
		{6853AD33-3553-4D57-85A4-BD447D1E0A11}.Release|Any CPU.Build.0 = Release|Any CPU
		{99882139-F1DD-4FF0-AECD-A27123448776}.Debug|Any CPU.ActiveCfg = Debug|Any CPU
		{99882139-F1DD-4FF0-AECD-A27123448776}.Debug|Any CPU.Build.0 = Debug|Any CPU
		{99882139-F1DD-4FF0-AECD-A27123448776}.Release|Any CPU.ActiveCfg = Release|Any CPU
		{99882139-F1DD-4FF0-AECD-A27123448776}.Release|Any CPU.Build.0 = Release|Any CPU
		{BF9D882B-C49D-4374-BADA-14062A7E6011}.Debug|Any CPU.ActiveCfg = Debug|Any CPU
		{BF9D882B-C49D-4374-BADA-14062A7E6011}.Debug|Any CPU.Build.0 = Debug|Any CPU
		{BF9D882B-C49D-4374-BADA-14062A7E6011}.Release|Any CPU.ActiveCfg = Release|Any CPU
		{BF9D882B-C49D-4374-BADA-14062A7E6011}.Release|Any CPU.Build.0 = Release|Any CPU
		{F1597D83-6AC9-45EE-B27E-87AF40350E9A}.Debug|Any CPU.ActiveCfg = Debug|Any CPU
		{F1597D83-6AC9-45EE-B27E-87AF40350E9A}.Debug|Any CPU.Build.0 = Debug|Any CPU
		{F1597D83-6AC9-45EE-B27E-87AF40350E9A}.Release|Any CPU.ActiveCfg = Release|Any CPU
		{F1597D83-6AC9-45EE-B27E-87AF40350E9A}.Release|Any CPU.Build.0 = Release|Any CPU
		{CA5BE0E2-0DBD-4C93-A072-2495FA7C8BAF}.Debug|Any CPU.ActiveCfg = Debug|Any CPU
		{CA5BE0E2-0DBD-4C93-A072-2495FA7C8BAF}.Debug|Any CPU.Build.0 = Debug|Any CPU
		{CA5BE0E2-0DBD-4C93-A072-2495FA7C8BAF}.Release|Any CPU.ActiveCfg = Release|Any CPU
		{CA5BE0E2-0DBD-4C93-A072-2495FA7C8BAF}.Release|Any CPU.Build.0 = Release|Any CPU
	EndGlobalSection
	GlobalSection(SolutionProperties) = preSolution
		HideSolutionNode = FALSE
	EndGlobalSection
	GlobalSection(NestedProjects) = preSolution
		{1DD0177D-2908-4472-8ACD-F94A1DFB913E} = {02EA681E-C7D8-13C7-8484-4AC65E1B71E8}
		{ACF26C05-B367-4D0A-80E0-487B4141DD29} = {1DD0177D-2908-4472-8ACD-F94A1DFB913E}
		{21DB007A-3E06-4159-A725-C8C0F523C11B} = {02EA681E-C7D8-13C7-8484-4AC65E1B71E8}
		{6853AD33-3553-4D57-85A4-BD447D1E0A11} = {21DB007A-3E06-4159-A725-C8C0F523C11B}
		{9BCCA626-275E-4B3D-85E6-C8A77CFD05CB} = {02EA681E-C7D8-13C7-8484-4AC65E1B71E8}
		{76EB985C-E206-4491-B724-E5EEB148F3A9} = {9BCCA626-275E-4B3D-85E6-C8A77CFD05CB}
		{E0E39260-1C97-49E7-920B-847831374145} = {9BCCA626-275E-4B3D-85E6-C8A77CFD05CB}
		{297F4335-90C8-422C-960E-74D21C19F0FE} = {9BCCA626-275E-4B3D-85E6-C8A77CFD05CB}
		{99882139-F1DD-4FF0-AECD-A27123448776} = {76EB985C-E206-4491-B724-E5EEB148F3A9}
		{BF9D882B-C49D-4374-BADA-14062A7E6011} = {76EB985C-E206-4491-B724-E5EEB148F3A9}
		{F1597D83-6AC9-45EE-B27E-87AF40350E9A} = {E0E39260-1C97-49E7-920B-847831374145}
		{CA5BE0E2-0DBD-4C93-A072-2495FA7C8BAF} = {297F4335-90C8-422C-960E-74D21C19F0FE}
	EndGlobalSection
	GlobalSection(ExtensibilityGlobals) = postSolution
		SolutionGuid = {029F8A3F-99F7-4A76-A51C-14E8BB66A226}
	EndGlobalSection
EndGlobal
